{
  "name": "design-tools",
  "lockfileVersion": 3,
  "requires": true,
  "packages": {
    "": {
      "dependencies": {
        "@adrkit/cli": "0.13.0"
      }
    },
    "node_modules/@adrkit/cli": {
      "version": "0.13.0",
      "resolved": "https://registry.npmjs.org/@adrkit/cli/-/cli-0.13.0.tgz",
      "integrity": "sha512-MELghkeb6JfB9R96lf9oZXPIhxEGzLIJfaZD95redNPxVgNocjzSK3cIE0FBkFSEWv4SP/m5FmMXOUnyICS5BQ==",
      "license": "Apache-2.0",
      "dependencies": {
        "@adrkit/core": "0.13.0",
        "@adrkit/evaluator": "0.13.0"
      },
      "bin": {
        "adr": "dist/index.js",
        "adrkit": "dist/index.js"
      },
      "engines": {
        "node": ">=22"
      }
    },
    "node_modules/@adrkit/core": {
      "version": "0.13.0",
      "resolved": "https://registry.npmjs.org/@adrkit/core/-/core-0.13.0.tgz",
      "integrity": "sha512-57OM0rBTa9mvjNra9xfJxSswDRYmuUnac2vdbH2yM6OfNHkqfZprWuEfS/1ZaUf4ZLEBBz1lkTLkuroIDgymDw==",
      "license": "Apache-2.0",
      "dependencies": {
        "picomatch": "^4",
        "semver": "^7",
        "yaml": "latest",
        "zod": "^4"
      },
      "engines": {
        "node": ">=22"
      }
    },
    "node_modules/@adrkit/evaluator": {
      "version": "0.13.0",
      "resolved": "https://registry.npmjs.org/@adrkit/evaluator/-/evaluator-0.13.0.tgz",
      "integrity": "sha512-lfnZb4R1YakAYr/8XwbKhpap/oJABiZ6wbvdezWsEbwhIGiY/Ha/tXHIfWVJT+Nf9E4nz0+1+Nip2Ue+pjSxOg==",
      "license": "Apache-2.0",
      "dependencies": {
        "@adrkit/core": "0.13.0",
        "jsonpath-rfc9535": "1.3.0"
      },
      "engines": {
        "node": ">=22"
      }
    },
    "node_modules/jsonpath-rfc9535": {
      "version": "1.3.0",
      "resolved": "https://registry.npmjs.org/jsonpath-rfc9535/-/jsonpath-rfc9535-1.3.0.tgz",
      "integrity": "sha512-3jFHya7oZ45aDxIIdx+/zQARahHXxFSMWBkcBUldfXpLS9VCXDJyTKt35kQfEXLqh0K3Ixw/9xFnvcDStaxh7Q==",
      "license": "Apache-2.0",
      "engines": {
        "node": ">=20"
      }
    },
    "node_modules/picomatch": {
      "version": "4.0.7",
      "resolved": "https://registry.npmjs.org/picomatch/-/picomatch-4.0.7.tgz",
      "integrity": "sha512-qcJu88Q2IWqJsDD529JKMdwGm/dvInW4HvQnRwiH9JtihJvzGOscDtHE3x1pBKeUOTysQ8kVmLnJ2kJu7yhcGA==",
      "license": "MIT",
      "engines": {
        "node": ">=12"
      },
      "funding": {
        "url": "https://github.com/sponsors/jonschlinkert"
      }
    },
    "node_modules/semver": {
      "version": "7.8.5",
      "resolved": "https://registry.npmjs.org/semver/-/semver-7.8.5.tgz",
      "integrity": "sha512-Y7/KDsb8LjooZpwaqGyulO6DQlksgCncchHGk+sZIY4SBvUocMBEFH5Ur1fI4dV+Jvl0w6cjvucaIi40puRioA==",
      "license": "ISC",
      "bin": {
        "semver": "bin/semver.js"
      },
      "engines": {
        "node": ">=10"
      }
    },
    "node_modules/yaml": {
      "version": "2.9.1",
      "resolved": "https://registry.npmjs.org/yaml/-/yaml-2.9.1.tgz",
      "integrity": "sha512-3NxN8+78OdzbT7C/WjGsyfPAtJaN3FNDsWxv7Y7mcDsT/oOmgW8BpyQQFFBnvZE3j9Y2Sdz1ULFLezL7Eb2yFw==",
      "license": "ISC",
      "bin": {
        "yaml": "bin.mjs"
      },
      "engines": {
        "node": ">= 14.6"
      },
      "funding": {
        "url": "https://github.com/sponsors/eemeli"
      }
    },
    "node_modules/zod": {
      "version": "4.6.4",
      "resolved": "https://registry.npmjs.org/zod/-/zod-4.6.4.tgz",
      "integrity": "sha512-AXSD6hvGdvRjajG/l1cC+d6IrhH+sjmPKtYeQdJIK8MFJl3LyClzS+o/YsVC+zQZPupAaeH5skwwm8YqYH7BqA==",
      "license": "MIT",
      "funding": {
        "url": "https://github.com/sponsors/colinhacks"
      }
    }
  }
}
